// !$*UTF8*$!
{
	archiveVersion = 1;
	classes = {
	};
	objectVersion = 55;
	objects = {

/* Begin PBXBuildFile section */
		837519AF28BE64790026B38B /* TabBarController.m in Sources */ = {isa = PBXBuildFile; fileRef = 837519A828BE64790026B38B /* TabBarController.m */; };
		837519B028BE64790026B38B /* AppGlobalConfig.m in Sources */ = {isa = PBXBuildFile; fileRef = 837519A928BE64790026B38B /* AppGlobalConfig.m */; };
		837519BB28BE64A90026B38B /* MineListCell.m in Sources */ = {isa = PBXBuildFile; fileRef = 837519B328BE64A90026B38B /* MineListCell.m */; };
		837519BC28BE64A90026B38B /* ActionSheetView.m in Sources */ = {isa = PBXBuildFile; fileRef = 837519B428BE64A90026B38B /* ActionSheetView.m */; };
		837519BD28BE64A90026B38B /* MineVC.m in Sources */ = {isa = PBXBuildFile; fileRef = 837519B528BE64A90026B38B /* MineVC.m */; };
		837519BE28BE64A90026B38B /* MineModel.m in Sources */ = {isa = PBXBuildFile; fileRef = 837519B628BE64A90026B38B /* MineModel.m */; };
		837519DA28BE64C30026B38B /* TextViewCell.m in Sources */ = {isa = PBXBuildFile; fileRef = 837519C028BE64C30026B38B /* TextViewCell.m */; };
		837519DC28BE64C30026B38B /* FunctionRootVC.m in Sources */ = {isa = PBXBuildFile; fileRef = 837519C428BE64C30026B38B /* FunctionRootVC.m */; };
		837519E128BE64C30026B38B /* RecordHQVoiceMessageVC.m in Sources */ = {isa = PBXBuildFile; fileRef = 837519CF28BE64C30026B38B /* RecordHQVoiceMessageVC.m */; };
		837519E228BE64C30026B38B /* RecordVoiceMessageVC.m in Sources */ = {isa = PBXBuildFile; fileRef = 837519D028BE64C30026B38B /* RecordVoiceMessageVC.m */; };
		837519E328BE64C30026B38B /* MessageFunctionListVC.m in Sources */ = {isa = PBXBuildFile; fileRef = 837519D328BE64C30026B38B /* MessageFunctionListVC.m */; };
		837519E428BE64C30026B38B /* Message.storyboard in Resources */ = {isa = PBXBuildFile; fileRef = 837519D428BE64C30026B38B /* Message.storyboard */; };
		837519E528BE64C30026B38B /* ChatRoomFunctionListVC.m in Sources */ = {isa = PBXBuildFile; fileRef = 837519D828BE64C30026B38B /* ChatRoomFunctionListVC.m */; };
		837519FE28BE64DB0026B38B /* rc.png in Resources */ = {isa = PBXBuildFile; fileRef = 837519E728BE64DB0026B38B /* rc.png */; };
		837519FF28BE64DB0026B38B /* ChatListVC.m in Sources */ = {isa = PBXBuildFile; fileRef = 837519E828BE64DB0026B38B /* ChatListVC.m */; };
		83751A0028BE64DB0026B38B /* PopupMenuViewController.m in Sources */ = {isa = PBXBuildFile; fileRef = 837519EE28BE64DB0026B38B /* PopupMenuViewController.m */; };
		83751A0128BE64DB0026B38B /* PopoverAction.m in Sources */ = {isa = PBXBuildFile; fileRef = 837519EF28BE64DB0026B38B /* PopoverAction.m */; };
		83751A0228BE64DB0026B38B /* PopoverView.m in Sources */ = {isa = PBXBuildFile; fileRef = 837519F028BE64DB0026B38B /* PopoverView.m */; };
		83751A0328BE64DB0026B38B /* PopoverViewCell.m in Sources */ = {isa = PBXBuildFile; fileRef = 837519F128BE64DB0026B38B /* PopoverViewCell.m */; };
		83751A0428BE64DB0026B38B /* CustomMediaMessage.m in Sources */ = {isa = PBXBuildFile; fileRef = 837519F428BE64DB0026B38B /* CustomMediaMessage.m */; };
		83751A0528BE64DB0026B38B /* CustomMessage.m in Sources */ = {isa = PBXBuildFile; fileRef = 837519F728BE64DB0026B38B /* CustomMessage.m */; };
		83751A0628BE64DB0026B38B /* CustomMessageCell.m in Sources */ = {isa = PBXBuildFile; fileRef = 837519FA28BE64DB0026B38B /* CustomMessageCell.m */; };
		83751A0728BE64DB0026B38B /* CustomMediaMessageCell.m in Sources */ = {isa = PBXBuildFile; fileRef = 837519FB28BE64DB0026B38B /* CustomMediaMessageCell.m */; };
		83751A0828BE64DB0026B38B /* ChatVC.m in Sources */ = {isa = PBXBuildFile; fileRef = 837519FC28BE64DB0026B38B /* ChatVC.m */; };
		83751A1428BE64FF0026B38B /* ConfigNaviAndFileController.m in Sources */ = {isa = PBXBuildFile; fileRef = 83751A0A28BE64FF0026B38B /* ConfigNaviAndFileController.m */; };
		83751A1528BE64FF0026B38B /* LoginVC.m in Sources */ = {isa = PBXBuildFile; fileRef = 83751A0B28BE64FF0026B38B /* LoginVC.m */; };
		83751A1628BE64FF0026B38B /* IMDataSource.m in Sources */ = {isa = PBXBuildFile; fileRef = 83751A0D28BE64FF0026B38B /* IMDataSource.m */; };
		83751A1728BE64FF0026B38B /* ConfigInfoVC.m in Sources */ = {isa = PBXBuildFile; fileRef = 83751A0E28BE64FF0026B38B /* ConfigInfoVC.m */; };
		83751A1828BE64FF0026B38B /* ConfigInfoConversationVC.m in Sources */ = {isa = PBXBuildFile; fileRef = 83751A0F28BE64FF0026B38B /* ConfigInfoConversationVC.m */; };
		83FE661528BCB0C100892F17 /* AppDelegate.m in Sources */ = {isa = PBXBuildFile; fileRef = 83FE661428BCB0C100892F17 /* AppDelegate.m */; };
		83FE661E28BCB0C100892F17 /* Main.storyboard in Resources */ = {isa = PBXBuildFile; fileRef = 83FE661C28BCB0C100892F17 /* Main.storyboard */; };
		83FE662028BCB0C400892F17 /* Assets.xcassets in Resources */ = {isa = PBXBuildFile; fileRef = 83FE661F28BCB0C400892F17 /* Assets.xcassets */; };
		83FE662328BCB0C400892F17 /* LaunchScreen.storyboard in Resources */ = {isa = PBXBuildFile; fileRef = 83FE662128BCB0C400892F17 /* LaunchScreen.storyboard */; };
		83FE662628BCB0C400892F17 /* main.m in Sources */ = {isa = PBXBuildFile; fileRef = 83FE662528BCB0C400892F17 /* main.m */; };
		E595CA8D98489E8373D40B09 /* Pods_im_quickdemo_ios.framework in Frameworks */ = {isa = PBXBuildFile; fileRef = 28FD6CF60BED6F6F5F2DB26C /* Pods_im_quickdemo_ios.framework */; };
/* End PBXBuildFile section */

/* Begin PBXFileReference section */
		0DADEF81C72C9F844F6EB685 /* Pods-im-quickdemo-ios.release.xcconfig */ = {isa = PBXFileReference; includeInIndex = 1; lastKnownFileType = text.xcconfig; name = "Pods-im-quickdemo-ios.release.xcconfig"; path = "Target Support Files/Pods-im-quickdemo-ios/Pods-im-quickdemo-ios.release.xcconfig"; sourceTree = "<group>"; };
		28FD6CF60BED6F6F5F2DB26C /* Pods_im_quickdemo_ios.framework */ = {isa = PBXFileReference; explicitFileType = wrapper.framework; includeInIndex = 0; path = Pods_im_quickdemo_ios.framework; sourceTree = BUILT_PRODUCTS_DIR; };
		837519A828BE64790026B38B /* TabBarController.m */ = {isa = PBXFileReference; fileEncoding = 4; lastKnownFileType = sourcecode.c.objc; path = TabBarController.m; sourceTree = "<group>"; };
		837519A928BE64790026B38B /* AppGlobalConfig.m */ = {isa = PBXFileReference; fileEncoding = 4; lastKnownFileType = sourcecode.c.objc; path = AppGlobalConfig.m; sourceTree = "<group>"; };
		837519AB28BE64790026B38B /* TabBarController.h */ = {isa = PBXFileReference; fileEncoding = 4; lastKnownFileType = sourcecode.c.h; path = TabBarController.h; sourceTree = "<group>"; };
		837519AC28BE64790026B38B /* AppGlobalConfig.h */ = {isa = PBXFileReference; fileEncoding = 4; lastKnownFileType = sourcecode.c.h; path = AppGlobalConfig.h; sourceTree = "<group>"; };
		837519AE28BE64790026B38B /* PrefixHeader.pch */ = {isa = PBXFileReference; fileEncoding = 4; lastKnownFileType = sourcecode.c.h; path = PrefixHeader.pch; sourceTree = "<group>"; };
		837519B328BE64A90026B38B /* MineListCell.m */ = {isa = PBXFileReference; fileEncoding = 4; lastKnownFileType = sourcecode.c.objc; path = MineListCell.m; sourceTree = "<group>"; };
		837519B428BE64A90026B38B /* ActionSheetView.m */ = {isa = PBXFileReference; fileEncoding = 4; lastKnownFileType = sourcecode.c.objc; path = ActionSheetView.m; sourceTree = "<group>"; };
		837519B528BE64A90026B38B /* MineVC.m */ = {isa = PBXFileReference; fileEncoding = 4; lastKnownFileType = sourcecode.c.objc; path = MineVC.m; sourceTree = "<group>"; };
		837519B628BE64A90026B38B /* MineModel.m */ = {isa = PBXFileReference; fileEncoding = 4; lastKnownFileType = sourcecode.c.objc; path = MineModel.m; sourceTree = "<group>"; };
		837519B728BE64A90026B38B /* ActionSheetView.h */ = {isa = PBXFileReference; fileEncoding = 4; lastKnownFileType = sourcecode.c.h; path = ActionSheetView.h; sourceTree = "<group>"; };
		837519B828BE64A90026B38B /* MineListCell.h */ = {isa = PBXFileReference; fileEncoding = 4; lastKnownFileType = sourcecode.c.h; path = MineListCell.h; sourceTree = "<group>"; };
		837519B928BE64A90026B38B /* MineModel.h */ = {isa = PBXFileReference; fileEncoding = 4; lastKnownFileType = sourcecode.c.h; path = MineModel.h; sourceTree = "<group>"; };
		837519BA28BE64A90026B38B /* MineVC.h */ = {isa = PBXFileReference; fileEncoding = 4; lastKnownFileType = sourcecode.c.h; path = MineVC.h; sourceTree = "<group>"; };
		837519C028BE64C30026B38B /* TextViewCell.m */ = {isa = PBXFileReference; fileEncoding = 4; lastKnownFileType = sourcecode.c.objc; path = TextViewCell.m; sourceTree = "<group>"; };
		837519C428BE64C30026B38B /* FunctionRootVC.m */ = {isa = PBXFileReference; fileEncoding = 4; lastKnownFileType = sourcecode.c.objc; path = FunctionRootVC.m; sourceTree = "<group>"; };
		837519CE28BE64C30026B38B /* MessageFunctionListVC.h */ = {isa = PBXFileReference; fileEncoding = 4; lastKnownFileType = sourcecode.c.h; path = MessageFunctionListVC.h; sourceTree = "<group>"; };
		837519CF28BE64C30026B38B /* RecordHQVoiceMessageVC.m */ = {isa = PBXFileReference; fileEncoding = 4; lastKnownFileType = sourcecode.c.objc; path = RecordHQVoiceMessageVC.m; sourceTree = "<group>"; };
		837519D028BE64C30026B38B /* RecordVoiceMessageVC.m */ = {isa = PBXFileReference; fileEncoding = 4; lastKnownFileType = sourcecode.c.objc; path = RecordVoiceMessageVC.m; sourceTree = "<group>"; };
		837519D128BE64C30026B38B /* RecordVoiceMessageVC.h */ = {isa = PBXFileReference; fileEncoding = 4; lastKnownFileType = sourcecode.c.h; path = RecordVoiceMessageVC.h; sourceTree = "<group>"; };
		837519D228BE64C30026B38B /* RecordHQVoiceMessageVC.h */ = {isa = PBXFileReference; fileEncoding = 4; lastKnownFileType = sourcecode.c.h; path = RecordHQVoiceMessageVC.h; sourceTree = "<group>"; };
		837519D328BE64C30026B38B /* MessageFunctionListVC.m */ = {isa = PBXFileReference; fileEncoding = 4; lastKnownFileType = sourcecode.c.objc; path = MessageFunctionListVC.m; sourceTree = "<group>"; };
		837519D428BE64C30026B38B /* Message.storyboard */ = {isa = PBXFileReference; fileEncoding = 4; lastKnownFileType = file.storyboard; path = Message.storyboard; sourceTree = "<group>"; };
		837519D528BE64C30026B38B /* FunctionRootVC.h */ = {isa = PBXFileReference; fileEncoding = 4; lastKnownFileType = sourcecode.c.h; path = FunctionRootVC.h; sourceTree = "<group>"; };
		837519D628BE64C30026B38B /* TextViewCell.h */ = {isa = PBXFileReference; fileEncoding = 4; lastKnownFileType = sourcecode.c.h; path = TextViewCell.h; sourceTree = "<group>"; };
		837519D828BE64C30026B38B /* ChatRoomFunctionListVC.m */ = {isa = PBXFileReference; fileEncoding = 4; lastKnownFileType = sourcecode.c.objc; path = ChatRoomFunctionListVC.m; sourceTree = "<group>"; };
		837519D928BE64C30026B38B /* ChatRoomFunctionListVC.h */ = {isa = PBXFileReference; fileEncoding = 4; lastKnownFileType = sourcecode.c.h; path = ChatRoomFunctionListVC.h; sourceTree = "<group>"; };
		837519E728BE64DB0026B38B /* rc.png */ = {isa = PBXFileReference; lastKnownFileType = image.png; path = rc.png; sourceTree = "<group>"; };
		837519E828BE64DB0026B38B /* ChatListVC.m */ = {isa = PBXFileReference; fileEncoding = 4; lastKnownFileType = sourcecode.c.objc; path = ChatListVC.m; sourceTree = "<group>"; };
		837519E928BE64DB0026B38B /* ChatVC.h */ = {isa = PBXFileReference; fileEncoding = 4; lastKnownFileType = sourcecode.c.h; path = ChatVC.h; sourceTree = "<group>"; };
		837519EB28BE64DB0026B38B /* PopoverView.h */ = {isa = PBXFileReference; fileEncoding = 4; lastKnownFileType = sourcecode.c.h; path = PopoverView.h; sourceTree = "<group>"; };
		837519EC28BE64DB0026B38B /* PopoverViewCell.h */ = {isa = PBXFileReference; fileEncoding = 4; lastKnownFileType = sourcecode.c.h; path = PopoverViewCell.h; sourceTree = "<group>"; };
		837519ED28BE64DB0026B38B /* PopoverAction.h */ = {isa = PBXFileReference; fileEncoding = 4; lastKnownFileType = sourcecode.c.h; path = PopoverAction.h; sourceTree = "<group>"; };
		837519EE28BE64DB0026B38B /* PopupMenuViewController.m */ = {isa = PBXFileReference; fileEncoding = 4; lastKnownFileType = sourcecode.c.objc; path = PopupMenuViewController.m; sourceTree = "<group>"; };
		837519EF28BE64DB0026B38B /* PopoverAction.m */ = {isa = PBXFileReference; fileEncoding = 4; lastKnownFileType = sourcecode.c.objc; path = PopoverAction.m; sourceTree = "<group>"; };
		837519F028BE64DB0026B38B /* PopoverView.m */ = {isa = PBXFileReference; fileEncoding = 4; lastKnownFileType = sourcecode.c.objc; path = PopoverView.m; sourceTree = "<group>"; };
		837519F128BE64DB0026B38B /* PopoverViewCell.m */ = {isa = PBXFileReference; fileEncoding = 4; lastKnownFileType = sourcecode.c.objc; path = PopoverViewCell.m; sourceTree = "<group>"; };
		837519F228BE64DB0026B38B /* PopupMenuViewController.h */ = {isa = PBXFileReference; fileEncoding = 4; lastKnownFileType = sourcecode.c.h; path = PopupMenuViewController.h; sourceTree = "<group>"; };
		837519F428BE64DB0026B38B /* CustomMediaMessage.m */ = {isa = PBXFileReference; fileEncoding = 4; lastKnownFileType = sourcecode.c.objc; path = CustomMediaMessage.m; sourceTree = "<group>"; };
		837519F528BE64DB0026B38B /* CustomMediaMessageCell.h */ = {isa = PBXFileReference; fileEncoding = 4; lastKnownFileType = sourcecode.c.h; path = CustomMediaMessageCell.h; sourceTree = "<group>"; };
		837519F628BE64DB0026B38B /* CustomMessageCell.h */ = {isa = PBXFileReference; fileEncoding = 4; lastKnownFileType = sourcecode.c.h; path = CustomMessageCell.h; sourceTree = "<group>"; };
		837519F728BE64DB0026B38B /* CustomMessage.m */ = {isa = PBXFileReference; fileEncoding = 4; lastKnownFileType = sourcecode.c.objc; path = CustomMessage.m; sourceTree = "<group>"; };
		837519F828BE64DB0026B38B /* CustomMediaMessage.h */ = {isa = PBXFileReference; fileEncoding = 4; lastKnownFileType = sourcecode.c.h; path = CustomMediaMessage.h; sourceTree = "<group>"; };
		837519F928BE64DB0026B38B /* CustomMessage.h */ = {isa = PBXFileReference; fileEncoding = 4; lastKnownFileType = sourcecode.c.h; path = CustomMessage.h; sourceTree = "<group>"; };
		837519FA28BE64DB0026B38B /* CustomMessageCell.m */ = {isa = PBXFileReference; fileEncoding = 4; lastKnownFileType = sourcecode.c.objc; path = CustomMessageCell.m; sourceTree = "<group>"; };
		837519FB28BE64DB0026B38B /* CustomMediaMessageCell.m */ = {isa = PBXFileReference; fileEncoding = 4; lastKnownFileType = sourcecode.c.objc; path = CustomMediaMessageCell.m; sourceTree = "<group>"; };
		837519FC28BE64DB0026B38B /* ChatVC.m */ = {isa = PBXFileReference; fileEncoding = 4; lastKnownFileType = sourcecode.c.objc; path = ChatVC.m; sourceTree = "<group>"; };
		837519FD28BE64DB0026B38B /* ChatListVC.h */ = {isa = PBXFileReference; fileEncoding = 4; lastKnownFileType = sourcecode.c.h; path = ChatListVC.h; sourceTree = "<group>"; };
		83751A0A28BE64FF0026B38B /* ConfigNaviAndFileController.m */ = {isa = PBXFileReference; fileEncoding = 4; lastKnownFileType = sourcecode.c.objc; path = ConfigNaviAndFileController.m; sourceTree = "<group>"; };
		83751A0B28BE64FF0026B38B /* LoginVC.m */ = {isa = PBXFileReference; fileEncoding = 4; lastKnownFileType = sourcecode.c.objc; path = LoginVC.m; sourceTree = "<group>"; };
		83751A0C28BE64FF0026B38B /* ConfigInfoConversationVC.h */ = {isa = PBXFileReference; fileEncoding = 4; lastKnownFileType = sourcecode.c.h; path = ConfigInfoConversationVC.h; sourceTree = "<group>"; };
		83751A0D28BE64FF0026B38B /* IMDataSource.m */ = {isa = PBXFileReference; fileEncoding = 4; lastKnownFileType = sourcecode.c.objc; path = IMDataSource.m; sourceTree = "<group>"; };
		83751A0E28BE64FF0026B38B /* ConfigInfoVC.m */ = {isa = PBXFileReference; fileEncoding = 4; lastKnownFileType = sourcecode.c.objc; path = ConfigInfoVC.m; sourceTree = "<group>"; };
		83751A0F28BE64FF0026B38B /* ConfigInfoConversationVC.m */ = {isa = PBXFileReference; fileEncoding = 4; lastKnownFileType = sourcecode.c.objc; path = ConfigInfoConversationVC.m; sourceTree = "<group>"; };
		83751A1028BE64FF0026B38B /* LoginVC.h */ = {isa = PBXFileReference; fileEncoding = 4; lastKnownFileType = sourcecode.c.h; path = LoginVC.h; sourceTree = "<group>"; };
		83751A1128BE64FF0026B38B /* ConfigNaviAndFileController.h */ = {isa = PBXFileReference; fileEncoding = 4; lastKnownFileType = sourcecode.c.h; path = ConfigNaviAndFileController.h; sourceTree = "<group>"; };
		83751A1228BE64FF0026B38B /* IMDataSource.h */ = {isa = PBXFileReference; fileEncoding = 4; lastKnownFileType = sourcecode.c.h; path = IMDataSource.h; sourceTree = "<group>"; };
		83751A1328BE64FF0026B38B /* ConfigInfoVC.h */ = {isa = PBXFileReference; fileEncoding = 4; lastKnownFileType = sourcecode.c.h; path = ConfigInfoVC.h; sourceTree = "<group>"; };
		83751A1928BE655B0026B38B /* im-quickdemo-ios.entitlements */ = {isa = PBXFileReference; lastKnownFileType = text.plist.entitlements; path = "im-quickdemo-ios.entitlements"; sourceTree = "<group>"; };
		83FE661028BCB0C100892F17 /* im-quickdemo-ios.app */ = {isa = PBXFileReference; explicitFileType = wrapper.application; includeInIndex = 0; path = "im-quickdemo-ios.app"; sourceTree = BUILT_PRODUCTS_DIR; };
		83FE661328BCB0C100892F17 /* AppDelegate.h */ = {isa = PBXFileReference; lastKnownFileType = sourcecode.c.h; path = AppDelegate.h; sourceTree = "<group>"; };
		83FE661428BCB0C100892F17 /* AppDelegate.m */ = {isa = PBXFileReference; lastKnownFileType = sourcecode.c.objc; path = AppDelegate.m; sourceTree = "<group>"; };
		83FE661D28BCB0C100892F17 /* Base */ = {isa = PBXFileReference; lastKnownFileType = file.storyboard; name = Base; path = Base.lproj/Main.storyboard; sourceTree = "<group>"; };
		83FE661F28BCB0C400892F17 /* Assets.xcassets */ = {isa = PBXFileReference; lastKnownFileType = folder.assetcatalog; path = Assets.xcassets; sourceTree = "<group>"; };
		83FE662228BCB0C400892F17 /* Base */ = {isa = PBXFileReference; lastKnownFileType = file.storyboard; name = Base; path = Base.lproj/LaunchScreen.storyboard; sourceTree = "<group>"; };
		83FE662428BCB0C400892F17 /* Info.plist */ = {isa = PBXFileReference; lastKnownFileType = text.plist.xml; path = Info.plist; sourceTree = "<group>"; };
		83FE662528BCB0C400892F17 /* main.m */ = {isa = PBXFileReference; lastKnownFileType = sourcecode.c.objc; path = main.m; sourceTree = "<group>"; };
		C80D8FFFBA9E18D4A34FACFA /* Pods-im-quickdemo-ios.debug.xcconfig */ = {isa = PBXFileReference; includeInIndex = 1; lastKnownFileType = text.xcconfig; name = "Pods-im-quickdemo-ios.debug.xcconfig"; path = "Target Support Files/Pods-im-quickdemo-ios/Pods-im-quickdemo-ios.debug.xcconfig"; sourceTree = "<group>"; };
/* End PBXFileReference section */

/* Begin PBXFrameworksBuildPhase section */
		83FE660D28BCB0C100892F17 /* Frameworks */ = {
			isa = PBXFrameworksBuildPhase;
			buildActionMask = 2147483647;
			files = (
				E595CA8D98489E8373D40B09 /* Pods_im_quickdemo_ios.framework in Frameworks */,
			);
			runOnlyForDeploymentPostprocessing = 0;
		};
/* End PBXFrameworksBuildPhase section */

/* Begin PBXGroup section */
		837519A728BE64790026B38B /* Supporting Files */ = {
			isa = PBXGroup;
			children = (
				837519AC28BE64790026B38B /* AppGlobalConfig.h */,
				837519A928BE64790026B38B /* AppGlobalConfig.m */,
				837519AE28BE64790026B38B /* PrefixHeader.pch */,
				837519AB28BE64790026B38B /* TabBarController.h */,
				837519A828BE64790026B38B /* TabBarController.m */,
			);
			path = "Supporting Files";
			sourceTree = "<group>";
		};
		837519B228BE64A90026B38B /* Mine */ = {
			isa = PBXGroup;
			children = (
				837519B328BE64A90026B38B /* MineListCell.m */,
				837519B428BE64A90026B38B /* ActionSheetView.m */,
				837519B528BE64A90026B38B /* MineVC.m */,
				837519B628BE64A90026B38B /* MineModel.m */,
				837519B728BE64A90026B38B /* ActionSheetView.h */,
				837519B828BE64A90026B38B /* MineListCell.h */,
				837519B928BE64A90026B38B /* MineModel.h */,
				837519BA28BE64A90026B38B /* MineVC.h */,
			);
			path = Mine;
			sourceTree = "<group>";
		};
		837519BF28BE64C30026B38B /* Function */ = {
			isa = PBXGroup;
			children = (
				837519C028BE64C30026B38B /* TextViewCell.m */,
				837519C428BE64C30026B38B /* FunctionRootVC.m */,
				837519CD28BE64C30026B38B /* Message */,
				837519D528BE64C30026B38B /* FunctionRootVC.h */,
				837519D628BE64C30026B38B /* TextViewCell.h */,
				837519D728BE64C30026B38B /* ChatRoom */,
			);
			path = Function;
			sourceTree = "<group>";
		};
		837519CD28BE64C30026B38B /* Message */ = {
			isa = PBXGroup;
			children = (
				837519CE28BE64C30026B38B /* MessageFunctionListVC.h */,
				837519CF28BE64C30026B38B /* RecordHQVoiceMessageVC.m */,
				837519D028BE64C30026B38B /* RecordVoiceMessageVC.m */,
				837519D128BE64C30026B38B /* RecordVoiceMessageVC.h */,
				837519D228BE64C30026B38B /* RecordHQVoiceMessageVC.h */,
				837519D328BE64C30026B38B /* MessageFunctionListVC.m */,
				837519D428BE64C30026B38B /* Message.storyboard */,
			);
			path = Message;
			sourceTree = "<group>";
		};
		837519D728BE64C30026B38B /* ChatRoom */ = {
			isa = PBXGroup;
			children = (
				837519D828BE64C30026B38B /* ChatRoomFunctionListVC.m */,
				837519D928BE64C30026B38B /* ChatRoomFunctionListVC.h */,
			);
			path = ChatRoom;
			sourceTree = "<group>";
		};
		837519E628BE64DB0026B38B /* ChatView */ = {
			isa = PBXGroup;
			children = (
				837519E728BE64DB0026B38B /* rc.png */,
				837519E828BE64DB0026B38B /* ChatListVC.m */,
				837519E928BE64DB0026B38B /* ChatVC.h */,
				837519EA28BE64DB0026B38B /* PopupMenu */,
				837519F328BE64DB0026B38B /* CustomMessage */,
				837519FC28BE64DB0026B38B /* ChatVC.m */,
				837519FD28BE64DB0026B38B /* ChatListVC.h */,
			);
			path = ChatView;
			sourceTree = "<group>";
		};
		837519EA28BE64DB0026B38B /* PopupMenu */ = {
			isa = PBXGroup;
			children = (
				837519EB28BE64DB0026B38B /* PopoverView.h */,
				837519EC28BE64DB0026B38B /* PopoverViewCell.h */,
				837519ED28BE64DB0026B38B /* PopoverAction.h */,
				837519EE28BE64DB0026B38B /* PopupMenuViewController.m */,
				837519EF28BE64DB0026B38B /* PopoverAction.m */,
				837519F028BE64DB0026B38B /* PopoverView.m */,
				837519F128BE64DB0026B38B /* PopoverViewCell.m */,
				837519F228BE64DB0026B38B /* PopupMenuViewController.h */,
			);
			path = PopupMenu;
			sourceTree = "<group>";
		};
		837519F328BE64DB0026B38B /* CustomMessage */ = {
			isa = PBXGroup;
			children = (
				837519F428BE64DB0026B38B /* CustomMediaMessage.m */,
				837519F528BE64DB0026B38B /* CustomMediaMessageCell.h */,
				837519F628BE64DB0026B38B /* CustomMessageCell.h */,
				837519F728BE64DB0026B38B /* CustomMessage.m */,
				837519F828BE64DB0026B38B /* CustomMediaMessage.h */,
				837519F928BE64DB0026B38B /* CustomMessage.h */,
				837519FA28BE64DB0026B38B /* CustomMessageCell.m */,
				837519FB28BE64DB0026B38B /* CustomMediaMessageCell.m */,
			);
			path = CustomMessage;
			sourceTree = "<group>";
		};
		83751A0928BE64FF0026B38B /* Login */ = {
			isa = PBXGroup;
			children = (
				83751A0C28BE64FF0026B38B /* ConfigInfoConversationVC.h */,
				83751A0F28BE64FF0026B38B /* ConfigInfoConversationVC.m */,
				83751A1328BE64FF0026B38B /* ConfigInfoVC.h */,
				83751A0E28BE64FF0026B38B /* ConfigInfoVC.m */,
				83751A1128BE64FF0026B38B /* ConfigNaviAndFileController.h */,
				83751A0A28BE64FF0026B38B /* ConfigNaviAndFileController.m */,
				83751A1228BE64FF0026B38B /* IMDataSource.h */,
				83751A0D28BE64FF0026B38B /* IMDataSource.m */,
				83751A1028BE64FF0026B38B /* LoginVC.h */,
				83751A0B28BE64FF0026B38B /* LoginVC.m */,
			);
			path = Login;
			sourceTree = "<group>";
		};
		83FE660728BCB0C100892F17 = {
			isa = PBXGroup;
			children = (
				83FE661228BCB0C100892F17 /* im-quickdemo-ios */,
				83FE661128BCB0C100892F17 /* Products */,
				96C2F91D134CFE97141C7A43 /* Pods */,
				AFBFEE01D06EFE4CF13E75A2 /* Frameworks */,
			);
			sourceTree = "<group>";
		};
		83FE661128BCB0C100892F17 /* Products */ = {
			isa = PBXGroup;
			children = (
				83FE661028BCB0C100892F17 /* im-quickdemo-ios.app */,
			);
			name = Products;
			sourceTree = "<group>";
		};
		83FE661228BCB0C100892F17 /* im-quickdemo-ios */ = {
			isa = PBXGroup;
			children = (
				83751A1928BE655B0026B38B /* im-quickdemo-ios.entitlements */,
				83751A0928BE64FF0026B38B /* Login */,
				837519E628BE64DB0026B38B /* ChatView */,
				837519BF28BE64C30026B38B /* Function */,
				837519B228BE64A90026B38B /* Mine */,
				837519A728BE64790026B38B /* Supporting Files */,
				83FE661328BCB0C100892F17 /* AppDelegate.h */,
				83FE661428BCB0C100892F17 /* AppDelegate.m */,
				83FE661C28BCB0C100892F17 /* Main.storyboard */,
				83FE661F28BCB0C400892F17 /* Assets.xcassets */,
				83FE662128BCB0C400892F17 /* LaunchScreen.storyboard */,
				83FE662428BCB0C400892F17 /* Info.plist */,
				83FE662528BCB0C400892F17 /* main.m */,
			);
			path = "im-quickdemo-ios";
			sourceTree = "<group>";
		};
		96C2F91D134CFE97141C7A43 /* Pods */ = {
			isa = PBXGroup;
			children = (
				C80D8FFFBA9E18D4A34FACFA /* Pods-im-quickdemo-ios.debug.xcconfig */,
				0DADEF81C72C9F844F6EB685 /* Pods-im-quickdemo-ios.release.xcconfig */,
			);
			path = Pods;
			sourceTree = "<group>";
		};
		AFBFEE01D06EFE4CF13E75A2 /* Frameworks */ = {
			isa = PBXGroup;
			children = (
				28FD6CF60BED6F6F5F2DB26C /* Pods_im_quickdemo_ios.framework */,
			);
			name = Frameworks;
			sourceTree = "<group>";
		};
/* End PBXGroup section */

/* Begin PBXNativeTarget section */
		83FE660F28BCB0C100892F17 /* im-quickdemo-ios */ = {
			isa = PBXNativeTarget;
			buildConfigurationList = 83FE662928BCB0C400892F17 /* Build configuration list for PBXNativeTarget "im-quickdemo-ios" */;
			buildPhases = (
				72803B063B09605FBB328615 /* [CP] Check Pods Manifest.lock */,
				83FE660C28BCB0C100892F17 /* Sources */,
				83FE660D28BCB0C100892F17 /* Frameworks */,
				83FE660E28BCB0C100892F17 /* Resources */,
				62541168811FE77C719FCEA0 /* [CP] Embed Pods Frameworks */,
				6568B4885FAA4FCBA30CC247 /* [CP] Copy Pods Resources */,
			);
			buildRules = (
			);
			dependencies = (
			);
			name = "im-quickdemo-ios";
			productName = "im-quickdemo-ios";
			productReference = 83FE661028BCB0C100892F17 /* im-quickdemo-ios.app */;
			productType = "com.apple.product-type.application";
		};
/* End PBXNativeTarget section */

/* Begin PBXProject section */
		83FE660828BCB0C100892F17 /* Project object */ = {
			isa = PBXProject;
			attributes = {
				BuildIndependentTargetsInParallel = 1;
				LastUpgradeCheck = 1310;
				TargetAttributes = {
					83FE660F28BCB0C100892F17 = {
						CreatedOnToolsVersion = 13.1;
					};
				};
			};
			buildConfigurationList = 83FE660B28BCB0C100892F17 /* Build configuration list for PBXProject "im-quickdemo-ios" */;
			compatibilityVersion = "Xcode 13.0";
			developmentRegion = en;
			hasScannedForEncodings = 0;
			knownRegions = (
				en,
				Base,
			);
			mainGroup = 83FE660728BCB0C100892F17;
			productRefGroup = 83FE661128BCB0C100892F17 /* Products */;
			projectDirPath = "";
			projectRoot = "";
			targets = (
				83FE660F28BCB0C100892F17 /* im-quickdemo-ios */,
			);
		};
/* End PBXProject section */

/* Begin PBXResourcesBuildPhase section */
		83FE660E28BCB0C100892F17 /* Resources */ = {
			isa = PBXResourcesBuildPhase;
			buildActionMask = 2147483647;
			files = (
				83FE662328BCB0C400892F17 /* LaunchScreen.storyboard in Resources */,
				837519E428BE64C30026B38B /* Message.storyboard in Resources */,
				83FE662028BCB0C400892F17 /* Assets.xcassets in Resources */,
				837519FE28BE64DB0026B38B /* rc.png in Resources */,
				83FE661E28BCB0C100892F17 /* Main.storyboard in Resources */,
			);
			runOnlyForDeploymentPostprocessing = 0;
		};
/* End PBXResourcesBuildPhase section */

/* Begin PBXShellScriptBuildPhase section */
		62541168811FE77C719FCEA0 /* [CP] Embed Pods Frameworks */ = {
			isa = PBXShellScriptBuildPhase;
			buildActionMask = 2147483647;
			files = (
			);
			inputFileListPaths = (
				"${PODS_ROOT}/Target Support Files/Pods-im-quickdemo-ios/Pods-im-quickdemo-ios-frameworks-${CONFIGURATION}-input-files.xcfilelist",
			);
			name = "[CP] Embed Pods Frameworks";
			outputFileListPaths = (
				"${PODS_ROOT}/Target Support Files/Pods-im-quickdemo-ios/Pods-im-quickdemo-ios-frameworks-${CONFIGURATION}-output-files.xcfilelist",
			);
			runOnlyForDeploymentPostprocessing = 0;
			shellPath = /bin/sh;
			shellScript = "\"${PODS_ROOT}/Target Support Files/Pods-im-quickdemo-ios/Pods-im-quickdemo-ios-frameworks.sh\"\n";
			showEnvVarsInLog = 0;
		};
		6568B4885FAA4FCBA30CC247 /* [CP] Copy Pods Resources */ = {
			isa = PBXShellScriptBuildPhase;
			buildActionMask = 2147483647;
			files = (
			);
			inputFileListPaths = (
				"${PODS_ROOT}/Target Support Files/Pods-im-quickdemo-ios/Pods-im-quickdemo-ios-resources-${CONFIGURATION}-input-files.xcfilelist",
			);
			name = "[CP] Copy Pods Resources";
			outputFileListPaths = (
				"${PODS_ROOT}/Target Support Files/Pods-im-quickdemo-ios/Pods-im-quickdemo-ios-resources-${CONFIGURATION}-output-files.xcfilelist",
			);
			runOnlyForDeploymentPostprocessing = 0;
			shellPath = /bin/sh;
			shellScript = "\"${PODS_ROOT}/Target Support Files/Pods-im-quickdemo-ios/Pods-im-quickdemo-ios-resources.sh\"\n";
			showEnvVarsInLog = 0;
		};
		72803B063B09605FBB328615 /* [CP] Check Pods Manifest.lock */ = {
			isa = PBXShellScriptBuildPhase;
			buildActionMask = 2147483647;
			files = (
			);
			inputFileListPaths = (
			);
			inputPaths = (
				"${PODS_PODFILE_DIR_PATH}/Podfile.lock",
				"${PODS_ROOT}/Manifest.lock",
			);
			name = "[CP] Check Pods Manifest.lock";
			outputFileListPaths = (
			);
			outputPaths = (
				"$(DERIVED_FILE_DIR)/Pods-im-quickdemo-ios-checkManifestLockResult.txt",
			);
			runOnlyForDeploymentPostprocessing = 0;
			shellPath = /bin/sh;
			shellScript = "diff \"${PODS_PODFILE_DIR_PATH}/Podfile.lock\" \"${PODS_ROOT}/Manifest.lock\" > /dev/null\nif [ $? != 0 ] ; then\n    # print error to STDERR\n    echo \"error: The sandbox is not in sync with the Podfile.lock. Run 'pod install' or update your CocoaPods installation.\" >&2\n    exit 1\nfi\n# This output is used by Xcode 'outputs' to avoid re-running this script phase.\necho \"SUCCESS\" > \"${SCRIPT_OUTPUT_FILE_0}\"\n";
			showEnvVarsInLog = 0;
		};
/* End PBXShellScriptBuildPhase section */

/* Begin PBXSourcesBuildPhase section */
		83FE660C28BCB0C100892F17 /* Sources */ = {
			isa = PBXSourcesBuildPhase;
			buildActionMask = 2147483647;
			files = (
				837519E328BE64C30026B38B /* MessageFunctionListVC.m in Sources */,
				837519BB28BE64A90026B38B /* MineListCell.m in Sources */,
				83751A0228BE64DB0026B38B /* PopoverView.m in Sources */,
				837519E228BE64C30026B38B /* RecordVoiceMessageVC.m in Sources */,
				837519DC28BE64C30026B38B /* FunctionRootVC.m in Sources */,
				83751A0628BE64DB0026B38B /* CustomMessageCell.m in Sources */,
				837519BC28BE64A90026B38B /* ActionSheetView.m in Sources */,
				83751A1628BE64FF0026B38B /* IMDataSource.m in Sources */,
				837519B028BE64790026B38B /* AppGlobalConfig.m in Sources */,
				83751A1428BE64FF0026B38B /* ConfigNaviAndFileController.m in Sources */,
				83751A1828BE64FF0026B38B /* ConfigInfoConversationVC.m in Sources */,
				83751A0128BE64DB0026B38B /* PopoverAction.m in Sources */,
				83751A1528BE64FF0026B38B /* LoginVC.m in Sources */,
				837519E528BE64C30026B38B /* ChatRoomFunctionListVC.m in Sources */,
				837519BE28BE64A90026B38B /* MineModel.m in Sources */,
				837519AF28BE64790026B38B /* TabBarController.m in Sources */,
				83751A0028BE64DB0026B38B /* PopupMenuViewController.m in Sources */,
				837519FF28BE64DB0026B38B /* ChatListVC.m in Sources */,
				83751A0528BE64DB0026B38B /* CustomMessage.m in Sources */,
				837519BD28BE64A90026B38B /* MineVC.m in Sources */,
				83751A1728BE64FF0026B38B /* ConfigInfoVC.m in Sources */,
				83FE661528BCB0C100892F17 /* AppDelegate.m in Sources */,
				83751A0328BE64DB0026B38B /* PopoverViewCell.m in Sources */,
				83FE662628BCB0C400892F17 /* main.m in Sources */,
				83751A0428BE64DB0026B38B /* CustomMediaMessage.m in Sources */,
				83751A0828BE64DB0026B38B /* ChatVC.m in Sources */,
				837519DA28BE64C30026B38B /* TextViewCell.m in Sources */,
				837519E128BE64C30026B38B /* RecordHQVoiceMessageVC.m in Sources */,
				83751A0728BE64DB0026B38B /* CustomMediaMessageCell.m in Sources */,
			);
			runOnlyForDeploymentPostprocessing = 0;
		};
/* End PBXSourcesBuildPhase section */

/* Begin PBXVariantGroup section */
		83FE661C28BCB0C100892F17 /* Main.storyboard */ = {
			isa = PBXVariantGroup;
			children = (
				83FE661D28BCB0C100892F17 /* Base */,
			);
			name = Main.storyboard;
			sourceTree = "<group>";
		};
		83FE662128BCB0C400892F17 /* LaunchScreen.storyboard */ = {
			isa = PBXVariantGroup;
			children = (
				83FE662228BCB0C400892F17 /* Base */,
			);
			name = LaunchScreen.storyboard;
			sourceTree = "<group>";
		};
/* End PBXVariantGroup section */

/* Begin XCBuildConfiguration section */
		83FE662728BCB0C400892F17 /* Debug */ = {
			isa = XCBuildConfiguration;
			buildSettings = {
				ALWAYS_SEARCH_USER_PATHS = NO;
				CLANG_ANALYZER_NONNULL = YES;
				CLANG_ANALYZER_NUMBER_OBJECT_CONVERSION = YES_AGGRESSIVE;
				CLANG_CXX_LANGUAGE_STANDARD = "gnu++17";
				CLANG_CXX_LIBRARY = "libc++";
				CLANG_ENABLE_MODULES = YES;
				CLANG_ENABLE_OBJC_ARC = YES;
				CLANG_ENABLE_OBJC_WEAK = YES;
				CLANG_WARN_BLOCK_CAPTURE_AUTORELEASING = YES;
				CLANG_WARN_BOOL_CONVERSION = YES;
				CLANG_WARN_COMMA = YES;
				CLANG_WARN_CONSTANT_CONVERSION = YES;
				CLANG_WARN_DEPRECATED_OBJC_IMPLEMENTATIONS = YES;
				CLANG_WARN_DIRECT_OBJC_ISA_USAGE = YES_ERROR;
				CLANG_WARN_DOCUMENTATION_COMMENTS = YES;
				CLANG_WARN_EMPTY_BODY = YES;
				CLANG_WARN_ENUM_CONVERSION = YES;
				CLANG_WARN_INFINITE_RECURSION = YES;
				CLANG_WARN_INT_CONVERSION = YES;
				CLANG_WARN_NON_LITERAL_NULL_CONVERSION = YES;
				CLANG_WARN_OBJC_IMPLICIT_RETAIN_SELF = YES;
				CLANG_WARN_OBJC_LITERAL_CONVERSION = YES;
				CLANG_WARN_OBJC_ROOT_CLASS = YES_ERROR;
				CLANG_WARN_QUOTED_INCLUDE_IN_FRAMEWORK_HEADER = YES;
				CLANG_WARN_RANGE_LOOP_ANALYSIS = YES;
				CLANG_WARN_STRICT_PROTOTYPES = YES;
				CLANG_WARN_SUSPICIOUS_MOVE = YES;
				CLANG_WARN_UNGUARDED_AVAILABILITY = YES_AGGRESSIVE;
				CLANG_WARN_UNREACHABLE_CODE = YES;
				CLANG_WARN__DUPLICATE_METHOD_MATCH = YES;
				COPY_PHASE_STRIP = NO;
				DEBUG_INFORMATION_FORMAT = dwarf;
				ENABLE_STRICT_OBJC_MSGSEND = YES;
				ENABLE_TESTABILITY = YES;
				GCC_C_LANGUAGE_STANDARD = gnu11;
				GCC_DYNAMIC_NO_PIC = NO;
				GCC_NO_COMMON_BLOCKS = YES;
				GCC_OPTIMIZATION_LEVEL = 0;
				GCC_PREPROCESSOR_DEFINITIONS = (
					"DEBUG=1",
					"$(inherited)",
				);
				GCC_WARN_64_TO_32_BIT_CONVERSION = YES;
				GCC_WARN_ABOUT_RETURN_TYPE = YES_ERROR;
				GCC_WARN_UNDECLARED_SELECTOR = YES;
				GCC_WARN_UNINITIALIZED_AUTOS = YES_AGGRESSIVE;
				GCC_WARN_UNUSED_FUNCTION = YES;
				GCC_WARN_UNUSED_VARIABLE = YES;
				IPHONEOS_DEPLOYMENT_TARGET = 15.0;
				MTL_ENABLE_DEBUG_INFO = INCLUDE_SOURCE;
				MTL_FAST_MATH = YES;
				ONLY_ACTIVE_ARCH = YES;
				SDKROOT = iphoneos;
			};
			name = Debug;
		};
		83FE662828BCB0C400892F17 /* Release */ = {
			isa = XCBuildConfiguration;
			buildSettings = {
				ALWAYS_SEARCH_USER_PATHS = NO;
				CLANG_ANALYZER_NONNULL = YES;
				CLANG_ANALYZER_NUMBER_OBJECT_CONVERSION = YES_AGGRESSIVE;
				CLANG_CXX_LANGUAGE_STANDARD = "gnu++17";
				CLANG_CXX_LIBRARY = "libc++";
				CLANG_ENABLE_MODULES = YES;
				CLANG_ENABLE_OBJC_ARC = YES;
				CLANG_ENABLE_OBJC_WEAK = YES;
				CLANG_WARN_BLOCK_CAPTURE_AUTORELEASING = YES;
				CLANG_WARN_BOOL_CONVERSION = YES;
				CLANG_WARN_COMMA = YES;
				CLANG_WARN_CONSTANT_CONVERSION = YES;
				CLANG_WARN_DEPRECATED_OBJC_IMPLEMENTATIONS = YES;
				CLANG_WARN_DIRECT_OBJC_ISA_USAGE = YES_ERROR;
				CLANG_WARN_DOCUMENTATION_COMMENTS = YES;
				CLANG_WARN_EMPTY_BODY = YES;
				CLANG_WARN_ENUM_CONVERSION = YES;
				CLANG_WARN_INFINITE_RECURSION = YES;
				CLANG_WARN_INT_CONVERSION = YES;
				CLANG_WARN_NON_LITERAL_NULL_CONVERSION = YES;
				CLANG_WARN_OBJC_IMPLICIT_RETAIN_SELF = YES;
				CLANG_WARN_OBJC_LITERAL_CONVERSION = YES;
				CLANG_WARN_OBJC_ROOT_CLASS = YES_ERROR;
				CLANG_WARN_QUOTED_INCLUDE_IN_FRAMEWORK_HEADER = YES;
				CLANG_WARN_RANGE_LOOP_ANALYSIS = YES;
				CLANG_WARN_STRICT_PROTOTYPES = YES;
				CLANG_WARN_SUSPICIOUS_MOVE = YES;
				CLANG_WARN_UNGUARDED_AVAILABILITY = YES_AGGRESSIVE;
				CLANG_WARN_UNREACHABLE_CODE = YES;
				CLANG_WARN__DUPLICATE_METHOD_MATCH = YES;
				COPY_PHASE_STRIP = NO;
				DEBUG_INFORMATION_FORMAT = "dwarf-with-dsym";
				ENABLE_NS_ASSERTIONS = NO;
				ENABLE_STRICT_OBJC_MSGSEND = YES;
				GCC_C_LANGUAGE_STANDARD = gnu11;
				GCC_NO_COMMON_BLOCKS = YES;
				GCC_WARN_64_TO_32_BIT_CONVERSION = YES;
				GCC_WARN_ABOUT_RETURN_TYPE = YES_ERROR;
				GCC_WARN_UNDECLARED_SELECTOR = YES;
				GCC_WARN_UNINITIALIZED_AUTOS = YES_AGGRESSIVE;
				GCC_WARN_UNUSED_FUNCTION = YES;
				GCC_WARN_UNUSED_VARIABLE = YES;
				IPHONEOS_DEPLOYMENT_TARGET = 15.0;
				MTL_ENABLE_DEBUG_INFO = NO;
				MTL_FAST_MATH = YES;
				SDKROOT = iphoneos;
				VALIDATE_PRODUCT = YES;
			};
			name = Release;
		};
		83FE662A28BCB0C400892F17 /* Debug */ = {
			isa = XCBuildConfiguration;
			baseConfigurationReference = C80D8FFFBA9E18D4A34FACFA /* Pods-im-quickdemo-ios.debug.xcconfig */;
			buildSettings = {
				ASSETCATALOG_COMPILER_APPICON_NAME = AppIcon;
				ASSETCATALOG_COMPILER_GLOBAL_ACCENT_COLOR_NAME = AccentColor;
				CODE_SIGN_ENTITLEMENTS = "im-quickdemo-ios/im-quickdemo-ios.entitlements";
				CODE_SIGN_STYLE = Automatic;
				CURRENT_PROJECT_VERSION = 12;
				DEVELOPMENT_TEAM = T7DYH4JM86;
				GCC_PREFIX_HEADER = "$(SRCROOT)/im-quickdemo-ios/Supporting Files/PrefixHeader.pch";
				GENERATE_INFOPLIST_FILE = YES;
				INFOPLIST_FILE = "im-quickdemo-ios/Info.plist";
				INFOPLIST_KEY_UIApplicationSupportsIndirectInputEvents = YES;
				INFOPLIST_KEY_UILaunchStoryboardName = LaunchScreen;
				INFOPLIST_KEY_UIMainStoryboardFile = Main;
				INFOPLIST_KEY_UISupportedInterfaceOrientations_iPad = "UIInterfaceOrientationPortrait UIInterfaceOrientationPortraitUpsideDown UIInterfaceOrientationLandscapeLeft UIInterfaceOrientationLandscapeRight";
				INFOPLIST_KEY_UISupportedInterfaceOrientations_iPhone = "UIInterfaceOrientationPortrait UIInterfaceOrientationLandscapeLeft UIInterfaceOrientationLandscapeRight";
				IPHONEOS_DEPLOYMENT_TARGET = 15.6;
				LD_RUNPATH_SEARCH_PATHS = (
					"$(inherited)",
					"@executable_path/Frameworks",
				);
				MARKETING_VERSION = 1.0;
				PRODUCT_BUNDLE_IDENTIFIER = cn.rongcloud.rcim;
				PRODUCT_NAME = "$(TARGET_NAME)";
				SWIFT_EMIT_LOC_STRINGS = YES;
				TARGETED_DEVICE_FAMILY = "1,2";
			};
			name = Debug;
		};
		83FE662B28BCB0C400892F17 /* Release */ = {
			isa = XCBuildConfiguration;
			baseConfigurationReference = 0DADEF81C72C9F844F6EB685 /* Pods-im-quickdemo-ios.release.xcconfig */;
			buildSettings = {
				ASSETCATALOG_COMPILER_APPICON_NAME = AppIcon;
				ASSETCATALOG_COMPILER_GLOBAL_ACCENT_COLOR_NAME = AccentColor;
				CODE_SIGN_ENTITLEMENTS = "im-quickdemo-ios/im-quickdemo-ios.entitlements";
				CODE_SIGN_STYLE = Automatic;
				CURRENT_PROJECT_VERSION = 12;
				DEVELOPMENT_TEAM = T7DYH4JM86;
				GCC_PREFIX_HEADER = "$(SRCROOT)/im-quickdemo-ios/Supporting Files/PrefixHeader.pch";
				GENERATE_INFOPLIST_FILE = YES;
				INFOPLIST_FILE = "im-quickdemo-ios/Info.plist";
				INFOPLIST_KEY_UIApplicationSupportsIndirectInputEvents = YES;
				INFOPLIST_KEY_UILaunchStoryboardName = LaunchScreen;
				INFOPLIST_KEY_UIMainStoryboardFile = Main;
				INFOPLIST_KEY_UISupportedInterfaceOrientations_iPad = "UIInterfaceOrientationPortrait UIInterfaceOrientationPortraitUpsideDown UIInterfaceOrientationLandscapeLeft UIInterfaceOrientationLandscapeRight";
				INFOPLIST_KEY_UISupportedInterfaceOrientations_iPhone = "UIInterfaceOrientationPortrait UIInterfaceOrientationLandscapeLeft UIInterfaceOrientationLandscapeRight";
				IPHONEOS_DEPLOYMENT_TARGET = 15.6;
				LD_RUNPATH_SEARCH_PATHS = (
					"$(inherited)",
					"@executable_path/Frameworks",
				);
				MARKETING_VERSION = 1.0;
				PRODUCT_BUNDLE_IDENTIFIER = cn.rongcloud.rcim;
				PRODUCT_NAME = "$(TARGET_NAME)";
				SWIFT_EMIT_LOC_STRINGS = YES;
				TARGETED_DEVICE_FAMILY = "1,2";
			};
			name = Release;
		};
/* End XCBuildConfiguration section */

/* Begin XCConfigurationList section */
		83FE660B28BCB0C100892F17 /* Build configuration list for PBXProject "im-quickdemo-ios" */ = {
			isa = XCConfigurationList;
			buildConfigurations = (
				83FE662728BCB0C400892F17 /* Debug */,
				83FE662828BCB0C400892F17 /* Release */,
			);
			defaultConfigurationIsVisible = 0;
			defaultConfigurationName = Release;
		};
		83FE662928BCB0C400892F17 /* Build configuration list for PBXNativeTarget "im-quickdemo-ios" */ = {
			isa = XCConfigurationList;
			buildConfigurations = (
				83FE662A28BCB0C400892F17 /* Debug */,
				83FE662B28BCB0C400892F17 /* Release */,
			);
			defaultConfigurationIsVisible = 0;
			defaultConfigurationName = Release;
		};
/* End XCConfigurationList section */
	};
	rootObject = 83FE660828BCB0C100892F17 /* Project object */;
}
